// !$*UTF8*$!
{
	archiveVersion = 1;
	classes = {
	};
	objectVersion = 50;
	objects = {

/* Begin PBXBuildFile section */
		DF8DC3D622A01CB50097FCEA /* AppDelegate.swift in Sources */ = {isa = PBXBuildFile; fileRef = DF8DC3D522A01CB50097FCEA /* AppDelegate.swift */; };
		DF8DC3D822A01CB50097FCEA /* ViewController.swift in Sources */ = {isa = PBXBuildFile; fileRef = DF8DC3D722A01CB50097FCEA /* ViewController.swift */; };
		DF8DC3DB22A01CB50097FCEA /* Main.storyboard in Resources */ = {isa = PBXBuildFile; fileRef = DF8DC3D922A01CB50097FCEA /* Main.storyboard */; };
		DF8DC3DD22A01CB90097FCEA /* Assets.xcassets in Resources */ = {isa = PBXBuildFile; fileRef = DF8DC3DC22A01CB90097FCEA /* Assets.xcassets */; };
		DF8DC3E022A01CB90097FCEA /* LaunchScreen.storyboard in Resources */ = {isa = PBXBuildFile; fileRef = DF8DC3DE22A01CB90097FCEA /* LaunchScreen.storyboard */; };
/* End PBXBuildFile section */

/* Begin PBXFileReference section */
		DF8DC3D222A01CB50097FCEA /* FlagsOfTheWorld.app */ = {isa = PBXFileReference; explicitFileType = wrapper.application; includeInIndex = 0; path = FlagsOfTheWorld.app; sourceTree = BUILT_PRODUCTS_DIR; };
		DF8DC3D522A01CB50097FCEA /* AppDelegate.swift */ = {isa = PBXFileReference; lastKnownFileType = sourcecode.swift; path = AppDelegate.swift; sourceTree = "<group>"; };
		DF8DC3D722A01CB50097FCEA /* ViewController.swift */ = {isa = PBXFileReference; lastKnownFileType = sourcecode.swift; path = ViewController.swift; sourceTree = "<group>"; };
		DF8DC3DA22A01CB50097FCEA /* Base */ = {isa = PBXFileReference; lastKnownFileType = file.storyboard; name = Base; path = Base.lproj/Main.storyboard; sourceTree = "<group>"; };
		DF8DC3DC22A01CB90097FCEA /* Assets.xcassets */ = {isa = PBXFileReference; lastKnownFileType = folder.assetcatalog; path = Assets.xcassets; sourceTree = "<group>"; };
		DF8DC3DF22A01CB90097FCEA /* Base */ = {isa = PBXFileReference; lastKnownFileType = file.storyboard; name = Base; path = Base.lproj/LaunchScreen.storyboard; sourceTree = "<group>"; };
		DF8DC3E122A01CB90097FCEA /* Info.plist */ = {isa = PBXFileReference; lastKnownFileType = text.plist.xml; path = Info.plist; sourceTree = "<group>"; };
/* End PBXFileReference section */

/* Begin PBXFrameworksBuildPhase section */
		DF8DC3CF22A01CB50097FCEA /* Frameworks */ = {
			isa = PBXFrameworksBuildPhase;
			buildActionMask = 2147483647;
			files = (
			);
			runOnlyForDeploymentPostprocessing = 0;
		};
/* End PBXFrameworksBuildPhase section */

/* Begin PBXGroup section */
		DF8DC3C922A01CB50097FCEA = {
			isa = PBXGroup;
			children = (
				DF8DC3D422A01CB50097FCEA /* FlagsOfTheWorld */,
				DF8DC3D322A01CB50097FCEA /* Products */,
			);
			sourceTree = "<group>";
		};
		DF8DC3D322A01CB50097FCEA /* Products */ = {
			isa = PBXGroup;
			children = (
				DF8DC3D222A01CB50097FCEA /* FlagsOfTheWorld.app */,
			);
			name = Products;
			sourceTree = "<group>";
		};
		DF8DC3D422A01CB50097FCEA /* FlagsOfTheWorld */ = {
			isa = PBXGroup;
			children = (
				DF8DC3D522A01CB50097FCEA /* AppDelegate.swift */,
				DF8DC3D722A01CB50097FCEA /* ViewController.swift */,
				DF8DC3D922A01CB50097FCEA /* Main.storyboard */,
				DF8DC3DC22A01CB90097FCEA /* Assets.xcassets */,
				DF8DC3DE22A01CB90097FCEA /* LaunchScreen.storyboard */,
				DF8DC3E122A01CB90097FCEA /* Info.plist */,
			);
			path = FlagsOfTheWorld;
			sourceTree = "<group>";
		};
/* End PBXGroup section */

/* Begin PBXNativeTarget section */
		DF8DC3D122A01CB50097FCEA /* FlagsOfTheWorld */ = {
			isa = PBXNativeTarget;
			buildConfigurationList = DF8DC3E422A01CB90097FCEA /* Build configuration list for PBXNativeTarget "FlagsOfTheWorld" */;
			buildPhases = (
				DF8DC3CE22A01CB50097FCEA /* Sources */,
				DF8DC3CF22A01CB50097FCEA /* Frameworks */,
				DF8DC3D022A01CB50097FCEA /* Resources */,
			);
			buildRules = (
			);
			dependencies = (
			);
			name = FlagsOfTheWorld;
			productName = FlagsOfTheWorld;
			productReference = DF8DC3D222A01CB50097FCEA /* FlagsOfTheWorld.app */;
			productType = "com.apple.product-type.application";
		};
/* End PBXNativeTarget section */

/* Begin PBXProject section */
		DF8DC3CA22A01CB50097FCEA /* Project object */ = {
			isa = PBXProject;
			attributes = {
				LastSwiftUpdateCheck = 1020;
				LastUpgradeCheck = 1020;
				ORGANIZATIONNAME = "Lagom Experiences";
				TargetAttributes = {
					DF8DC3D122A01CB50097FCEA = {
						CreatedOnToolsVersion = 10.2.1;
					};
				};
			};
			buildConfigurationList = DF8DC3CD22A01CB50097FCEA /* Build configuration list for PBXProject "FlagsOfTheWorld" */;
			compatibilityVersion = "Xcode 9.3";
			developmentRegion = en;
			hasScannedForEncodings = 0;
			knownRegions = (
				en,
				Base,
			);
			mainGroup = DF8DC3C922A01CB50097FCEA;
			productRefGroup = DF8DC3D322A01CB50097FCEA /* Products */;
			projectDirPath = "";
			projectRoot = "";
			targets = (
				DF8DC3D122A01CB50097FCEA /* FlagsOfTheWorld */,
			);
		};
/* End PBXProject section */

/* Begin PBXResourcesBuildPhase section */
		DF8DC3D022A01CB50097FCEA /* Resources */ = {
			isa = PBXResourcesBuildPhase;
			buildActionMask = 2147483647;
			files = (
				DF8DC3E022A01CB90097FCEA /* LaunchScreen.storyboard in Resources */,
				DF8DC3DD22A01CB90097FCEA /* Assets.xcassets in Resources */,
				DF8DC3DB22A01CB50097FCEA /* Main.storyboard in Resources */,
			);
			runOnlyForDeploymentPostprocessing = 0;
		};
/* End PBXResourcesBuildPhase section */

/* Begin PBXSourcesBuildPhase section */
		DF8DC3CE22A01CB50097FCEA /* Sources */ = {
			isa = PBXSourcesBuildPhase;
			buildActionMask = 2147483647;
			files = (
				DF8DC3D822A01CB50097FCEA /* ViewController.swift in Sources */,
				DF8DC3D622A01CB50097FCEA /* AppDelegate.swift in Sources */,
			);
			runOnlyForDeploymentPostprocessing = 0;
		};
/* End PBXSourcesBuildPhase section */

/* Begin PBXVariantGroup section */
		DF8DC3D922A01CB50097FCEA /* Main.storyboard */ = {
			isa = PBXVariantGroup;
			children = (
				DF8DC3DA22A01CB50097FCEA /* Base */,
			);
			name = Main.storyboard;
			sourceTree = "<group>";
		};
		DF8DC3DE22A01CB90097FCEA /* LaunchScreen.storyboard */ = {
			isa = PBXVariantGroup;
			children = (
				DF8DC3DF22A01CB90097FCEA /* Base */,
			);
			name = LaunchScreen.storyboard;
			sourceTree = "<group>";
		};
/* End PBXVariantGroup section */

/* Begin XCBuildConfiguration section */
		DF8DC3E222A01CB90097FCEA /* Debug */ = {
			isa = XCBuildConfiguration;
			buildSettings = {
				ALWAYS_SEARCH_USER_PATHS = NO;
				CLANG_ANALYZER_NONNULL = YES;
				CLANG_ANALYZER_NUMBER_OBJECT_CONVERSION = YES_AGGRESSIVE;
				CLANG_CXX_LANGUAGE_STANDARD = "gnu++14";
				CLANG_CXX_LIBRARY = "libc++";
				CLANG_ENABLE_MODULES = YES;
				CLANG_ENABLE_OBJC_ARC = YES;
				CLANG_ENABLE_OBJC_WEAK = YES;
				CLANG_WARN_BLOCK_CAPTURE_AUTORELEASING = YES;
				CLANG_WARN_BOOL_CONVERSION = YES;
				CLANG_WARN_COMMA = YES;
				CLANG_WARN_CONSTANT_CONVERSION = YES;
				CLANG_WARN_DEPRECATED_OBJC_IMPLEMENTATIONS = YES;
				CLANG_WARN_DIRECT_OBJC_ISA_USAGE = YES_ERROR;
				CLANG_WARN_DOCUMENTATION_COMMENTS = YES;
				CLANG_WARN_EMPTY_BODY = YES;
				CLANG_WARN_ENUM_CONVERSION = YES;
				CLANG_WARN_INFINITE_RECURSION = YES;
				CLANG_WARN_INT_CONVERSION = YES;
				CLANG_WARN_NON_LITERAL_NULL_CONVERSION = YES;
				CLANG_WARN_OBJC_IMPLICIT_RETAIN_SELF = YES;
				CLANG_WARN_OBJC_LITERAL_CONVERSION = YES;
				CLANG_WARN_OBJC_ROOT_CLASS = YES_ERROR;
				CLANG_WARN_RANGE_LOOP_ANALYSIS = YES;
				CLANG_WARN_STRICT_PROTOTYPES = YES;
				CLANG_WARN_SUSPICIOUS_MOVE = YES;
				CLANG_WARN_UNGUARDED_AVAILABILITY = YES_AGGRESSIVE;
				CLANG_WARN_UNREACHABLE_CODE = YES;
				CLANG_WARN__DUPLICATE_METHOD_MATCH = YES;
				CODE_SIGN_IDENTITY = "iPhone Developer";
				COPY_PHASE_STRIP = NO;
				DEBUG_INFORMATION_FORMAT = dwarf;
				ENABLE_STRICT_OBJC_MSGSEND = YES;
				ENABLE_TESTABILITY = YES;
				GCC_C_LANGUAGE_STANDARD = gnu11;
				GCC_DYNAMIC_NO_PIC = NO;
				GCC_NO_COMMON_BLOCKS = YES;
				GCC_OPTIMIZATION_LEVEL = 0;
				GCC_PREPROCESSOR_DEFINITIONS = (
					"DEBUG=1",
					"$(inherited)",
				);
				GCC_WARN_64_TO_32_BIT_CONVERSION = YES;
				GCC_WARN_ABOUT_RETURN_TYPE = YES_ERROR;
				GCC_WARN_UNDECLARED_SELECTOR = YES;
				GCC_WARN_UNINITIALIZED_AUTOS = YES_AGGRESSIVE;
				GCC_WARN_UNUSED_FUNCTION = YES;
				GCC_WARN_UNUSED_VARIABLE = YES;
				IPHONEOS_DEPLOYMENT_TARGET = 12.2;
				MTL_ENABLE_DEBUG_INFO = INCLUDE_SOURCE;
				MTL_FAST_MATH = YES;
				ONLY_ACTIVE_ARCH = YES;
				SDKROOT = iphoneos;
				SWIFT_ACTIVE_COMPILATION_CONDITIONS = DEBUG;
				SWIFT_OPTIMIZATION_LEVEL = "-Onone";
			};
			name = Debug;
		};
		DF8DC3E322A01CB90097FCEA /* Release */ = {
			isa = XCBuildConfiguration;
			buildSettings = {
				ALWAYS_SEARCH_USER_PATHS = NO;
				CLANG_ANALYZER_NONNULL = YES;
				CLANG_ANALYZER_NUMBER_OBJECT_CONVERSION = YES_AGGRESSIVE;
				CLANG_CXX_LANGUAGE_STANDARD = "gnu++14";
				CLANG_CXX_LIBRARY = "libc++";
				CLANG_ENABLE_MODULES = YES;
				CLANG_ENABLE_OBJC_ARC = YES;
				CLANG_ENABLE_OBJC_WEAK = YES;
				CLANG_WARN_BLOCK_CAPTURE_AUTORELEASING = YES;
				CLANG_WARN_BOOL_CONVERSION = YES;
				CLANG_WARN_COMMA = YES;
				CLANG_WARN_CONSTANT_CONVERSION = YES;
				CLANG_WARN_DEPRECATED_OBJC_IMPLEMENTATIONS = YES;
				CLANG_WARN_DIRECT_OBJC_ISA_USAGE = YES_ERROR;
				CLANG_WARN_DOCUMENTATION_COMMENTS = YES;
				CLANG_WARN_EMPTY_BODY = YES;
				CLANG_WARN_ENUM_CONVERSION = YES;
				CLANG_WARN_INFINITE_RECURSION = YES;
				CLANG_WARN_INT_CONVERSION = YES;
				CLANG_WARN_NON_LITERAL_NULL_CONVERSION = YES;
				CLANG_WARN_OBJC_IMPLICIT_RETAIN_SELF = YES;
				CLANG_WARN_OBJC_LITERAL_CONVERSION = YES;
				CLANG_WARN_OBJC_ROOT_CLASS = YES_ERROR;
				CLANG_WARN_RANGE_LOOP_ANALYSIS = YES;
				CLANG_WARN_STRICT_PROTOTYPES = YES;
				CLANG_WARN_SUSPICIOUS_MOVE = YES;
				CLANG_WARN_UNGUARDED_AVAILABILITY = YES_AGGRESSIVE;
				CLANG_WARN_UNREACHABLE_CODE = YES;
				CLANG_WARN__DUPLICATE_METHOD_MATCH = YES;
				CODE_SIGN_IDENTITY = "iPhone Developer";
				COPY_PHASE_STRIP = NO;
				DEBUG_INFORMATION_FORMAT = "dwarf-with-dsym";
				ENABLE_NS_ASSERTIONS = NO;
				ENABLE_STRICT_OBJC_MSGSEND = YES;
				GCC_C_LANGUAGE_STANDARD = gnu11;
				GCC_NO_COMMON_BLOCKS = YES;
				GCC_WARN_64_TO_32_BIT_CONVERSION = YES;
				GCC_WARN_ABOUT_RETURN_TYPE = YES_ERROR;
				GCC_WARN_UNDECLARED_SELECTOR = YES;
				GCC_WARN_UNINITIALIZED_AUTOS = YES_AGGRESSIVE;
				GCC_WARN_UNUSED_FUNCTION = YES;
				GCC_WARN_UNUSED_VARIABLE = YES;
				IPHONEOS_DEPLOYMENT_TARGET = 12.2;
				MTL_ENABLE_DEBUG_INFO = NO;
				MTL_FAST_MATH = YES;
				SDKROOT = iphoneos;
				SWIFT_COMPILATION_MODE = wholemodule;
				SWIFT_OPTIMIZATION_LEVEL = "-O";
				VALIDATE_PRODUCT = YES;
			};
			name = Release;
		};
		DF8DC3E522A01CB90097FCEA /* Debug */ = {
			isa = XCBuildConfiguration;
			buildSettings = {
				ASSETCATALOG_COMPILER_APPICON_NAME = AppIcon;
				CODE_SIGN_STYLE = Automatic;
				DEVELOPMENT_TEAM = 3552947V4D;
				INFOPLIST_FILE = FlagsOfTheWorld/Info.plist;
				LD_RUNPATH_SEARCH_PATHS = (
					"$(inherited)",
					"@executable_path/Frameworks",
				);
				PRODUCT_BUNDLE_IDENTIFIER = com.lagomexperiences.FlagsOfTheWorld;
				PRODUCT_NAME = "$(TARGET_NAME)";
				SWIFT_VERSION = 5.0;
				TARGETED_DEVICE_FAMILY = "1,2";
			};
			name = Debug;
		};
		DF8DC3E622A01CB90097FCEA /* Release */ = {
			isa = XCBuildConfiguration;
			buildSettings = {
				ASSETCATALOG_COMPILER_APPICON_NAME = AppIcon;
				CODE_SIGN_STYLE = Automatic;
				DEVELOPMENT_TEAM = 3552947V4D;
				INFOPLIST_FILE = FlagsOfTheWorld/Info.plist;
				LD_RUNPATH_SEARCH_PATHS = (
					"$(inherited)",
					"@executable_path/Frameworks",
				);
				PRODUCT_BUNDLE_IDENTIFIER = com.lagomexperiences.FlagsOfTheWorld;
				PRODUCT_NAME = "$(TARGET_NAME)";
				SWIFT_VERSION = 5.0;
				TARGETED_DEVICE_FAMILY = "1,2";
			};
			name = Release;
		};
/* End XCBuildConfiguration section */

/* Begin XCConfigurationList section */
		DF8DC3CD22A01CB50097FCEA /* Build configuration list for PBXProject "FlagsOfTheWorld" */ = {
			isa = XCConfigurationList;
			buildConfigurations = (
				DF8DC3E222A01CB90097FCEA /* Debug */,
				DF8DC3E322A01CB90097FCEA /* Release */,
			);
			defaultConfigurationIsVisible = 0;
			defaultConfigurationName = Release;
		};
		DF8DC3E422A01CB90097FCEA /* Build configuration list for PBXNativeTarget "FlagsOfTheWorld" */ = {
			isa = XCConfigurationList;
			buildConfigurations = (
				DF8DC3E522A01CB90097FCEA /* Debug */,
				DF8DC3E622A01CB90097FCEA /* Release */,
			);
			defaultConfigurationIsVisible = 0;
			defaultConfigurationName = Release;
		};
/* End XCConfigurationList section */
	};
	rootObject = DF8DC3CA22A01CB50097FCEA /* Project object */;
}
